PODS:
  - JBChartView (3.0.13)
  - RxCocoa (4.2.0):
    - RxSwift (~> 4.0)
  - RxEasing (3.0.0):
    - RxSwift (~> 4.0)
  - RxOptional (3.4.0):
    - RxCocoa (~> 4.0)
    - RxSwift (~> 4.0)
  - RxSwift (4.2.0)

DEPENDENCIES:
  - JBChartView (~> 3.0)
  - RxCocoa (~> 4.0)
  - RxEasing (from `../`)
  - RxOptional (~> 3.1)

SPEC REPOS:
  https://github.com/cocoapods/specs.git:
    - JBChartView
    - RxCocoa
    - RxOptional
    - RxSwift

EXTERNAL SOURCES:
  RxEasing:
    :path: "../"

SPEC CHECKSUMS:
  JBChartView: ea240dca7b83a92f47d4ae766beb3714753988a1
  RxCocoa: 0b54909c902e1e581212a03e690bbd94032d8baa
  RxEasing: 7c4093a515530d7950bb66939f78aae6776d115e
  RxOptional: fabc37fc8e3cf4c336ebaeb5c92b576c64b2e6c5
  RxSwift: 99e10317ddfcc7fbe01356aafd118fde4a0be104

PODFILE CHECKSUM: c43ef9c3a376b24ab3ac2bf45ed3ddbdaf83f26e

COCOAPODS: 1.5.3
